
Microsoft Visual Studio Solution File, Format Version 12.00
Project("{FAE04EC0-301F-11D3-BF4B-00C04F79EFBC}") = "Async", "Async\Async.csproj", "{55DF2362-9C7A-4A1E-90B6-B741A429E47A}"
EndProject
Project("{FAE04EC0-301F-11D3-BF4B-00C04F79EFBC}") = "Async.framework", "Async.framework\Async.framework.csproj", "{C7862EE9-253C-4781-9B9B-ED4A9C56DD38}"
EndProject
Global
	GlobalSection(SolutionConfigurationPlatforms) = preSolution
		Debug|Any CPU = Debug|Any CPU
		Release|Any CPU = Release|Any CPU
	EndGlobalSection
	GlobalSection(ProjectConfigurationPlatforms) = postSolution
		{55DF2362-9C7A-4A1E-90B6-B741A429E47A}.Debug|Any CPU.ActiveCfg = Debug|Any CPU
		{55DF2362-9C7A-4A1E-90B6-B741A429E47A}.Debug|Any CPU.Build.0 = Debug|Any CPU
		{55DF2362-9C7A-4A1E-90B6-B741A429E47A}.Release|Any CPU.ActiveCfg = Release|Any CPU
		{55DF2362-9C7A-4A1E-90B6-B741A429E47A}.Release|Any CPU.Build.0 = Release|Any CPU
		{C7862EE9-253C-4781-9B9B-ED4A9C56DD38}.Debug|Any CPU.ActiveCfg = Debug|Any CPU
		{C7862EE9-253C-4781-9B9B-ED4A9C56DD38}.Debug|Any CPU.Build.0 = Debug|Any CPU
		{C7862EE9-253C-4781-9B9B-ED4A9C56DD38}.Release|Any CPU.ActiveCfg = Release|Any CPU
		{C7862EE9-253C-4781-9B9B-ED4A9C56DD38}.Release|Any CPU.Build.0 = Release|Any CPU
	EndGlobalSection
EndGlobal
